
Microsoft Visual Studio Solution File, Format Version 11.00
# Visual Studio 2010
Project("{FAE04EC0-301F-11D3-BF4B-00C04F79EFBC}") = "Assembly-CSharp", "Assembly-CSharp.csproj", "{0BC75ED5-CEB6-3CC4-A134-751087061344}"
EndProject
Project("{FAE04EC0-301F-11D3-BF4B-00C04F79EFBC}") = "Assembly-CSharp-Editor", "Assembly-CSharp-Editor.csproj", "{E45AC7EA-F5A0-F4F5-BE9C-063ECD504781}"
EndProject
Global
	GlobalSection(SolutionConfigurationPlatforms) = preSolution
		Debug|Any CPU = Debug|Any CPU
		Release|Any CPU = Release|Any CPU
	EndGlobalSection
	GlobalSection(ProjectConfigurationPlatforms) = postSolution
		{0BC75ED5-CEB6-3CC4-A134-751087061344}.Debug|Any CPU.ActiveCfg = Debug|Any CPU
		{0BC75ED5-CEB6-3CC4-A134-751087061344}.Debug|Any CPU.Build.0 = Debug|Any CPU
		{0BC75ED5-CEB6-3CC4-A134-751087061344}.Release|Any CPU.ActiveCfg = Release|Any CPU
		{0BC75ED5-CEB6-3CC4-A134-751087061344}.Release|Any CPU.Build.0 = Release|Any CPU
		{E45AC7EA-F5A0-F4F5-BE9C-063ECD504781}.Debug|Any CPU.ActiveCfg = Debug|Any CPU
		{E45AC7EA-F5A0-F4F5-BE9C-063ECD504781}.Debug|Any CPU.Build.0 = Debug|Any CPU
		{E45AC7EA-F5A0-F4F5-BE9C-063ECD504781}.Release|Any CPU.ActiveCfg = Release|Any CPU
		{E45AC7EA-F5A0-F4F5-BE9C-063ECD504781}.Release|Any CPU.Build.0 = Release|Any CPU
	EndGlobalSection
	GlobalSection(SolutionProperties) = preSolution
		HideSolutionNode = FALSE
	EndGlobalSection
EndGlobal
